
Microsoft Visual Studio Solution File, Format Version 12.00
# Visual Studio Version 17
VisualStudioVersion = 17.0.31903.59
MinimumVisualStudioVersion = 10.0.40219.1
Project("{2150E333-8FDC-42A3-9474-1A3956D46DE8}") = "Chapter01", "Chapter01", "{48B74D7D-8BD3-4696-82B8-590CF45295D6}"
EndProject
Project("{FAE04EC0-301F-11D3-BF4B-00C04F79EFBC}") = "Activity01", "Chapter01\Activity01\Activity01.csproj", "{5203EEFC-776D-4009-8578-00DF97EAED9D}"
EndProject
Project("{FAE04EC0-301F-11D3-BF4B-00C04F79EFBC}") = "Excercise1_01", "Chapter01\Exercise1_01\Excercise1_01.csproj", "{CCE4E644-C793-4DDD-BDDF-E0A8AF6D7E99}"
EndProject
Project("{FAE04EC0-301F-11D3-BF4B-00C04F79EFBC}") = "Exercise1_02", "Chapter01\Exercise1_02\Exercise1_02.csproj", "{94C10DA8-B902-4931-BC91-6446C5C375B8}"
EndProject
Project("{FAE04EC0-301F-11D3-BF4B-00C04F79EFBC}") = "Exercise1_03", "Chapter01\Exercise1_03\Exercise1_03.csproj", "{A8F8CA39-80B7-4E7A-8163-C7E99AB56251}"
EndProject
Project("{FAE04EC0-301F-11D3-BF4B-00C04F79EFBC}") = "Exercise1_04", "Chapter01\Exercise1_04\Exercise1_04.csproj", "{ED935C89-E94D-4291-8589-38C04B9B005F}"
EndProject
Project("{FAE04EC0-301F-11D3-BF4B-00C04F79EFBC}") = "Exercise1_05", "Chapter01\Exercise1_05\Exercise1_05.csproj", "{8FE357DC-A2B1-4969-995E-570503F9524F}"
EndProject
Project("{FAE04EC0-301F-11D3-BF4B-00C04F79EFBC}") = "Exercise1_06", "Chapter01\Exercise1_06\Exercise1_06.csproj", "{9FD84352-4AF4-420D-B9EF-98D3B9A25249}"
EndProject
Project("{FAE04EC0-301F-11D3-BF4B-00C04F79EFBC}") = "Exercise1_07", "Chapter01\Exercise1_07\Exercise1_07.csproj", "{FAFAA0BE-B25C-4C52-8489-FB6EA490DD37}"
EndProject
Project("{FAE04EC0-301F-11D3-BF4B-00C04F79EFBC}") = "Exercise1_08", "Chapter01\Exercise1_08\Exercise1_08.csproj", "{BCA18B71-7C02-45D8-9D6A-71ED37ECD780}"
EndProject
Project("{FAE04EC0-301F-11D3-BF4B-00C04F79EFBC}") = "Exercise1_09", "Chapter01\Exercise1_09\Exercise1_09.csproj", "{5BBF2FB6-1075-4EE5-9FB1-156AAF7F7535}"
EndProject
Project("{FAE04EC0-301F-11D3-BF4B-00C04F79EFBC}") = "Exercise1_10", "Chapter01\Exercise1_10\Exercise1_10.csproj", "{973A4C0A-D995-42B1-BA64-EFC2A6DD4FDE}"
EndProject
Project("{FAE04EC0-301F-11D3-BF4B-00C04F79EFBC}") = "Exercise1_11", "Chapter01\Exercise1_11\Exercise1_11.csproj", "{789236FE-6E24-4EBE-B57E-2CEA97416A07}"
EndProject
Project("{FAE04EC0-301F-11D3-BF4B-00C04F79EFBC}") = "Exercise1_12", "Chapter01\Exercise1_12\Exercise1_12.csproj", "{6336E38E-6BFD-4407-A001-5FEED497E90B}"
EndProject
Project("{FAE04EC0-301F-11D3-BF4B-00C04F79EFBC}") = "Exercise1_13", "Chapter01\Exercise1_13\Exercise1_13.csproj", "{2D749EDC-2D4B-4727-A826-70E588EB25EB}"
EndProject
Project("{2150E333-8FDC-42A3-9474-1A3956D46DE8}") = "Chapter02", "Chapter02", "{25D2854B-3991-42B1-8AB9-3E3796526CA7}"
EndProject
Project("{FAE04EC0-301F-11D3-BF4B-00C04F79EFBC}") = "Activity2_01", "Chapter02\Activity2_01\Activity2_01.csproj", "{F35677B2-7842-41A0-BB75-8C56756BA056}"
EndProject
Project("{FAE04EC0-301F-11D3-BF4B-00C04F79EFBC}") = "Exercise2_01", "Chapter02\Exercise2_01\Exercise2_01.csproj", "{1AE9C5F8-C568-4328-9639-C025DD66D07E}"
EndProject
Project("{FAE04EC0-301F-11D3-BF4B-00C04F79EFBC}") = "Exercise2_02", "Chapter02\Exercise2_02\Exercise2_02.csproj", "{506311BA-206D-4D6D-8C68-386D300AD11D}"
EndProject
Project("{FAE04EC0-301F-11D3-BF4B-00C04F79EFBC}") = "Exercise2_03", "Chapter02\Exercise2_03\Exercise2_03.csproj", "{0D857539-893F-44A9-ABC4-B4A3D9ED62BC}"
EndProject
Project("{FAE04EC0-301F-11D3-BF4B-00C04F79EFBC}") = "Exercise2_04", "Chapter02\Exercise2_04\Exercise2_04.csproj", "{DDA11508-65A4-4903-B7C1-E745E7717BFF}"
EndProject
Project("{2150E333-8FDC-42A3-9474-1A3956D46DE8}") = "Chapter03", "Chapter03", "{B44C6B2A-3071-4176-BF1C-2D2751437010}"
EndProject
Project("{FAE04EC0-301F-11D3-BF4B-00C04F79EFBC}") = "Activity01", "Chapter03\Activity01\Activity01.csproj", "{E3AD24A2-828B-4690-88CB-5CAB61EDA31A}"
EndProject
Project("{FAE04EC0-301F-11D3-BF4B-00C04F79EFBC}") = "Exercise01", "Chapter03\Exercise01\Exercise01.csproj", "{DE18E7CD-EF6B-4B3E-8CF8-EE9C69A072CF}"
EndProject
Project("{FAE04EC0-301F-11D3-BF4B-00C04F79EFBC}") = "Exercise02", "Chapter03\Exercise02\Exercise02.csproj", "{90F5E3D6-F419-4420-8389-0DE24511AF14}"
EndProject
Project("{FAE04EC0-301F-11D3-BF4B-00C04F79EFBC}") = "Exercise03", "Chapter03\Exercise03\Exercise03.csproj", "{8765C6B1-62E7-40BC-BFF1-2898C95B27CB}"
EndProject
Project("{FAE04EC0-301F-11D3-BF4B-00C04F79EFBC}") = "Exercise04", "Chapter03\Exercise04\Exercise04.csproj", "{5BD820BB-924C-47A2-BD51-56321CB3B021}"
EndProject
Project("{FAE04EC0-301F-11D3-BF4B-00C04F79EFBC}") = "Exercise05", "Chapter03\Exercise05\Exercise05.csproj", "{242F1EB2-6171-4C93-BF44-7E97F7864657}"
EndProject
Project("{FAE04EC0-301F-11D3-BF4B-00C04F79EFBC}") = "Exercise06", "Chapter03\Exercise06\Exercise06.csproj", "{D77A105D-1E8A-49AE-ADC9-8492E5DD186F}"
EndProject
Project("{2150E333-8FDC-42A3-9474-1A3956D46DE8}") = "Chapter04", "Chapter04", "{9D2E7B0E-A430-4DF0-9547-4DE50C9EAEDC}"
	ProjectSection(SolutionItems) = preProject
		Chapter04\Exercises\Exercise04\Exercise04.csproj = Chapter04\Exercises\Exercise04\Exercise04.csproj
		Chapter04\Exercises\Exercise04\obj\Exercise04.csproj.nuget.dgspec.json = Chapter04\Exercises\Exercise04\obj\Exercise04.csproj.nuget.dgspec.json
		Chapter04\Exercises\Exercise04\obj\Exercise04.csproj.nuget.g.props = Chapter04\Exercises\Exercise04\obj\Exercise04.csproj.nuget.g.props
		Chapter04\Exercises\Exercise04\obj\Exercise04.csproj.nuget.g.targets = Chapter04\Exercises\Exercise04\obj\Exercise04.csproj.nuget.g.targets
		Chapter04\Exercises\Exercise04\obj\project.assets.json = Chapter04\Exercises\Exercise04\obj\project.assets.json
		Chapter04\Exercises\Exercise04\obj\project.nuget.cache = Chapter04\Exercises\Exercise04\obj\project.nuget.cache
		Chapter04\Exercises\Exercise04\Program.cs = Chapter04\Exercises\Exercise04\Program.cs
	EndProjectSection
EndProject
Project("{FAE04EC0-301F-11D3-BF4B-00C04F79EFBC}") = "Examples", "Chapter04\Examples\Examples.csproj", "{50A59340-7855-4FF1-81D8-D4F7ECB6D5A3}"
EndProject
Project("{2150E333-8FDC-42A3-9474-1A3956D46DE8}") = "Exercises", "Exercises", "{57654541-80E4-4AB9-8DAF-7A1ABD7B04FF}"
EndProject
Project("{FAE04EC0-301F-11D3-BF4B-00C04F79EFBC}") = "Exercise04", "Chapter04\Exercises\Exercise04\Exercise04.csproj", "{1887B877-CF53-41CA-BA73-A1B126AC6707}"
EndProject
Project("{FAE04EC0-301F-11D3-BF4B-00C04F79EFBC}") = "Exercise01", "Chapter04\Exercises\Exercise01\Exercise01.csproj", "{A3A40375-B3A4-4B01-9C28-B4E74060C770}"
EndProject
Project("{FAE04EC0-301F-11D3-BF4B-00C04F79EFBC}") = "Exercise02", "Chapter04\Exercises\Exercise02\Exercise02.csproj", "{4051268C-DC83-4773-B6D8-4D12C1800959}"
EndProject
Project("{FAE04EC0-301F-11D3-BF4B-00C04F79EFBC}") = "Exercise03", "Chapter04\Exercises\Exercise03\Exercise03.csproj", "{04EFC7C7-05F4-46FF-B91C-1315723C096E}"
EndProject
<<<<<<< HEAD
Project("{2150E333-8FDC-42A3-9474-1A3956D46DE8}") = "Activities", "Activities", "{5C46561C-DC36-43C4-8C14-C61A1DD8CF17}"
EndProject
Project("{FAE04EC0-301F-11D3-BF4B-00C04F79EFBC}") = "Activity4_01", "Chapter04\Activities\Activity4_01\Activity4_01.csproj", "{7514D488-C165-4A6E-9953-0C3A5B31120B}"
EndProject
Project("{FAE04EC0-301F-11D3-BF4B-00C04F79EFBC}") = "Chapter05", "Chapter05\Chapter05.csproj", "{6E67D951-8867-44F4-9A73-7B804C601008}"
EndProject
Project("{2150E333-8FDC-42A3-9474-1A3956D46DE8}") = "Chapter05", "Chapter05", "{439C4B29-52AC-4B57-A73F-0F5554F74832}"
EndProject
Project("{2150E333-8FDC-42A3-9474-1A3956D46DE8}") = "Exercises", "Exercises", "{36E90086-7B6D-43DB-B959-6AEE4F74E920}"
EndProject
Project("{FAE04EC0-301F-11D3-BF4B-00C04F79EFBC}") = "Exercise5_01", "Chapter05\Exercises\Exercise5_01\Exercise5_01.csproj", "{9A023CEC-DFA8-4EDA-A32B-A7A236533582}"
EndProject
Project("{FAE04EC0-301F-11D3-BF4B-00C04F79EFBC}") = "Exercise5_02", "Chapter05\Exercises\Exercise5_02\Exercise5_02.csproj", "{55C3C0C3-0614-48E6-BBD3-2FE5093FA248}"
EndProject
Project("{FAE04EC0-301F-11D3-BF4B-00C04F79EFBC}") = "Exercise5_03", "Chapter05\Exercises\Exercise5_03\Exercise5_03.csproj", "{7B95BEB8-7913-44D3-9755-09F6252664B9}"
=======
Project("{FAE04EC0-301F-11D3-BF4B-00C04F79EFBC}") = "Exercise4_01", "Chapter04\Exercises\Exercise4_01\Exercise4_01.csproj", "{09AA53B6-D416-4A50-BBD8-B6B117B78089}"
>>>>>>> origin/master
EndProject
Global
	GlobalSection(SolutionConfigurationPlatforms) = preSolution
		Debug|Any CPU = Debug|Any CPU
		Release|Any CPU = Release|Any CPU
	EndGlobalSection
	GlobalSection(SolutionProperties) = preSolution
		HideSolutionNode = FALSE
	EndGlobalSection
	GlobalSection(ProjectConfigurationPlatforms) = postSolution
		{5203EEFC-776D-4009-8578-00DF97EAED9D}.Debug|Any CPU.ActiveCfg = Debug|Any CPU
		{5203EEFC-776D-4009-8578-00DF97EAED9D}.Debug|Any CPU.Build.0 = Debug|Any CPU
		{5203EEFC-776D-4009-8578-00DF97EAED9D}.Release|Any CPU.ActiveCfg = Release|Any CPU
		{5203EEFC-776D-4009-8578-00DF97EAED9D}.Release|Any CPU.Build.0 = Release|Any CPU
		{CCE4E644-C793-4DDD-BDDF-E0A8AF6D7E99}.Debug|Any CPU.ActiveCfg = Debug|Any CPU
		{CCE4E644-C793-4DDD-BDDF-E0A8AF6D7E99}.Debug|Any CPU.Build.0 = Debug|Any CPU
		{CCE4E644-C793-4DDD-BDDF-E0A8AF6D7E99}.Release|Any CPU.ActiveCfg = Release|Any CPU
		{CCE4E644-C793-4DDD-BDDF-E0A8AF6D7E99}.Release|Any CPU.Build.0 = Release|Any CPU
		{94C10DA8-B902-4931-BC91-6446C5C375B8}.Debug|Any CPU.ActiveCfg = Debug|Any CPU
		{94C10DA8-B902-4931-BC91-6446C5C375B8}.Debug|Any CPU.Build.0 = Debug|Any CPU
		{94C10DA8-B902-4931-BC91-6446C5C375B8}.Release|Any CPU.ActiveCfg = Release|Any CPU
		{94C10DA8-B902-4931-BC91-6446C5C375B8}.Release|Any CPU.Build.0 = Release|Any CPU
		{A8F8CA39-80B7-4E7A-8163-C7E99AB56251}.Debug|Any CPU.ActiveCfg = Debug|Any CPU
		{A8F8CA39-80B7-4E7A-8163-C7E99AB56251}.Debug|Any CPU.Build.0 = Debug|Any CPU
		{A8F8CA39-80B7-4E7A-8163-C7E99AB56251}.Release|Any CPU.ActiveCfg = Release|Any CPU
		{A8F8CA39-80B7-4E7A-8163-C7E99AB56251}.Release|Any CPU.Build.0 = Release|Any CPU
		{ED935C89-E94D-4291-8589-38C04B9B005F}.Debug|Any CPU.ActiveCfg = Debug|Any CPU
		{ED935C89-E94D-4291-8589-38C04B9B005F}.Debug|Any CPU.Build.0 = Debug|Any CPU
		{ED935C89-E94D-4291-8589-38C04B9B005F}.Release|Any CPU.ActiveCfg = Release|Any CPU
		{ED935C89-E94D-4291-8589-38C04B9B005F}.Release|Any CPU.Build.0 = Release|Any CPU
		{8FE357DC-A2B1-4969-995E-570503F9524F}.Debug|Any CPU.ActiveCfg = Debug|Any CPU
		{8FE357DC-A2B1-4969-995E-570503F9524F}.Debug|Any CPU.Build.0 = Debug|Any CPU
		{8FE357DC-A2B1-4969-995E-570503F9524F}.Release|Any CPU.ActiveCfg = Release|Any CPU
		{8FE357DC-A2B1-4969-995E-570503F9524F}.Release|Any CPU.Build.0 = Release|Any CPU
		{9FD84352-4AF4-420D-B9EF-98D3B9A25249}.Debug|Any CPU.ActiveCfg = Debug|Any CPU
		{9FD84352-4AF4-420D-B9EF-98D3B9A25249}.Debug|Any CPU.Build.0 = Debug|Any CPU
		{9FD84352-4AF4-420D-B9EF-98D3B9A25249}.Release|Any CPU.ActiveCfg = Release|Any CPU
		{9FD84352-4AF4-420D-B9EF-98D3B9A25249}.Release|Any CPU.Build.0 = Release|Any CPU
		{FAFAA0BE-B25C-4C52-8489-FB6EA490DD37}.Debug|Any CPU.ActiveCfg = Debug|Any CPU
		{FAFAA0BE-B25C-4C52-8489-FB6EA490DD37}.Debug|Any CPU.Build.0 = Debug|Any CPU
		{FAFAA0BE-B25C-4C52-8489-FB6EA490DD37}.Release|Any CPU.ActiveCfg = Release|Any CPU
		{FAFAA0BE-B25C-4C52-8489-FB6EA490DD37}.Release|Any CPU.Build.0 = Release|Any CPU
		{BCA18B71-7C02-45D8-9D6A-71ED37ECD780}.Debug|Any CPU.ActiveCfg = Debug|Any CPU
		{BCA18B71-7C02-45D8-9D6A-71ED37ECD780}.Debug|Any CPU.Build.0 = Debug|Any CPU
		{BCA18B71-7C02-45D8-9D6A-71ED37ECD780}.Release|Any CPU.ActiveCfg = Release|Any CPU
		{BCA18B71-7C02-45D8-9D6A-71ED37ECD780}.Release|Any CPU.Build.0 = Release|Any CPU
		{5BBF2FB6-1075-4EE5-9FB1-156AAF7F7535}.Debug|Any CPU.ActiveCfg = Debug|Any CPU
		{5BBF2FB6-1075-4EE5-9FB1-156AAF7F7535}.Debug|Any CPU.Build.0 = Debug|Any CPU
		{5BBF2FB6-1075-4EE5-9FB1-156AAF7F7535}.Release|Any CPU.ActiveCfg = Release|Any CPU
		{5BBF2FB6-1075-4EE5-9FB1-156AAF7F7535}.Release|Any CPU.Build.0 = Release|Any CPU
		{973A4C0A-D995-42B1-BA64-EFC2A6DD4FDE}.Debug|Any CPU.ActiveCfg = Debug|Any CPU
		{973A4C0A-D995-42B1-BA64-EFC2A6DD4FDE}.Debug|Any CPU.Build.0 = Debug|Any CPU
		{973A4C0A-D995-42B1-BA64-EFC2A6DD4FDE}.Release|Any CPU.ActiveCfg = Release|Any CPU
		{973A4C0A-D995-42B1-BA64-EFC2A6DD4FDE}.Release|Any CPU.Build.0 = Release|Any CPU
		{789236FE-6E24-4EBE-B57E-2CEA97416A07}.Debug|Any CPU.ActiveCfg = Debug|Any CPU
		{789236FE-6E24-4EBE-B57E-2CEA97416A07}.Debug|Any CPU.Build.0 = Debug|Any CPU
		{789236FE-6E24-4EBE-B57E-2CEA97416A07}.Release|Any CPU.ActiveCfg = Release|Any CPU
		{789236FE-6E24-4EBE-B57E-2CEA97416A07}.Release|Any CPU.Build.0 = Release|Any CPU
		{6336E38E-6BFD-4407-A001-5FEED497E90B}.Debug|Any CPU.ActiveCfg = Debug|Any CPU
		{6336E38E-6BFD-4407-A001-5FEED497E90B}.Debug|Any CPU.Build.0 = Debug|Any CPU
		{6336E38E-6BFD-4407-A001-5FEED497E90B}.Release|Any CPU.ActiveCfg = Release|Any CPU
		{6336E38E-6BFD-4407-A001-5FEED497E90B}.Release|Any CPU.Build.0 = Release|Any CPU
		{2D749EDC-2D4B-4727-A826-70E588EB25EB}.Debug|Any CPU.ActiveCfg = Debug|Any CPU
		{2D749EDC-2D4B-4727-A826-70E588EB25EB}.Debug|Any CPU.Build.0 = Debug|Any CPU
		{2D749EDC-2D4B-4727-A826-70E588EB25EB}.Release|Any CPU.ActiveCfg = Release|Any CPU
		{2D749EDC-2D4B-4727-A826-70E588EB25EB}.Release|Any CPU.Build.0 = Release|Any CPU
		{F35677B2-7842-41A0-BB75-8C56756BA056}.Debug|Any CPU.ActiveCfg = Debug|Any CPU
		{F35677B2-7842-41A0-BB75-8C56756BA056}.Debug|Any CPU.Build.0 = Debug|Any CPU
		{F35677B2-7842-41A0-BB75-8C56756BA056}.Release|Any CPU.ActiveCfg = Release|Any CPU
		{F35677B2-7842-41A0-BB75-8C56756BA056}.Release|Any CPU.Build.0 = Release|Any CPU
		{1AE9C5F8-C568-4328-9639-C025DD66D07E}.Debug|Any CPU.ActiveCfg = Debug|Any CPU
		{1AE9C5F8-C568-4328-9639-C025DD66D07E}.Debug|Any CPU.Build.0 = Debug|Any CPU
		{1AE9C5F8-C568-4328-9639-C025DD66D07E}.Release|Any CPU.ActiveCfg = Release|Any CPU
		{1AE9C5F8-C568-4328-9639-C025DD66D07E}.Release|Any CPU.Build.0 = Release|Any CPU
		{506311BA-206D-4D6D-8C68-386D300AD11D}.Debug|Any CPU.ActiveCfg = Debug|Any CPU
		{506311BA-206D-4D6D-8C68-386D300AD11D}.Debug|Any CPU.Build.0 = Debug|Any CPU
		{506311BA-206D-4D6D-8C68-386D300AD11D}.Release|Any CPU.ActiveCfg = Release|Any CPU
		{506311BA-206D-4D6D-8C68-386D300AD11D}.Release|Any CPU.Build.0 = Release|Any CPU
		{0D857539-893F-44A9-ABC4-B4A3D9ED62BC}.Debug|Any CPU.ActiveCfg = Debug|Any CPU
		{0D857539-893F-44A9-ABC4-B4A3D9ED62BC}.Debug|Any CPU.Build.0 = Debug|Any CPU
		{0D857539-893F-44A9-ABC4-B4A3D9ED62BC}.Release|Any CPU.ActiveCfg = Release|Any CPU
		{0D857539-893F-44A9-ABC4-B4A3D9ED62BC}.Release|Any CPU.Build.0 = Release|Any CPU
		{DDA11508-65A4-4903-B7C1-E745E7717BFF}.Debug|Any CPU.ActiveCfg = Debug|Any CPU
		{DDA11508-65A4-4903-B7C1-E745E7717BFF}.Debug|Any CPU.Build.0 = Debug|Any CPU
		{DDA11508-65A4-4903-B7C1-E745E7717BFF}.Release|Any CPU.ActiveCfg = Release|Any CPU
		{DDA11508-65A4-4903-B7C1-E745E7717BFF}.Release|Any CPU.Build.0 = Release|Any CPU
		{E3AD24A2-828B-4690-88CB-5CAB61EDA31A}.Debug|Any CPU.ActiveCfg = Debug|Any CPU
		{E3AD24A2-828B-4690-88CB-5CAB61EDA31A}.Debug|Any CPU.Build.0 = Debug|Any CPU
		{E3AD24A2-828B-4690-88CB-5CAB61EDA31A}.Release|Any CPU.ActiveCfg = Release|Any CPU
		{E3AD24A2-828B-4690-88CB-5CAB61EDA31A}.Release|Any CPU.Build.0 = Release|Any CPU
		{DE18E7CD-EF6B-4B3E-8CF8-EE9C69A072CF}.Debug|Any CPU.ActiveCfg = Debug|Any CPU
		{DE18E7CD-EF6B-4B3E-8CF8-EE9C69A072CF}.Debug|Any CPU.Build.0 = Debug|Any CPU
		{DE18E7CD-EF6B-4B3E-8CF8-EE9C69A072CF}.Release|Any CPU.ActiveCfg = Release|Any CPU
		{DE18E7CD-EF6B-4B3E-8CF8-EE9C69A072CF}.Release|Any CPU.Build.0 = Release|Any CPU
		{90F5E3D6-F419-4420-8389-0DE24511AF14}.Debug|Any CPU.ActiveCfg = Debug|Any CPU
		{90F5E3D6-F419-4420-8389-0DE24511AF14}.Debug|Any CPU.Build.0 = Debug|Any CPU
		{90F5E3D6-F419-4420-8389-0DE24511AF14}.Release|Any CPU.ActiveCfg = Release|Any CPU
		{90F5E3D6-F419-4420-8389-0DE24511AF14}.Release|Any CPU.Build.0 = Release|Any CPU
		{8765C6B1-62E7-40BC-BFF1-2898C95B27CB}.Debug|Any CPU.ActiveCfg = Debug|Any CPU
		{8765C6B1-62E7-40BC-BFF1-2898C95B27CB}.Debug|Any CPU.Build.0 = Debug|Any CPU
		{8765C6B1-62E7-40BC-BFF1-2898C95B27CB}.Release|Any CPU.ActiveCfg = Release|Any CPU
		{8765C6B1-62E7-40BC-BFF1-2898C95B27CB}.Release|Any CPU.Build.0 = Release|Any CPU
		{5BD820BB-924C-47A2-BD51-56321CB3B021}.Debug|Any CPU.ActiveCfg = Debug|Any CPU
		{5BD820BB-924C-47A2-BD51-56321CB3B021}.Debug|Any CPU.Build.0 = Debug|Any CPU
		{5BD820BB-924C-47A2-BD51-56321CB3B021}.Release|Any CPU.ActiveCfg = Release|Any CPU
		{5BD820BB-924C-47A2-BD51-56321CB3B021}.Release|Any CPU.Build.0 = Release|Any CPU
		{242F1EB2-6171-4C93-BF44-7E97F7864657}.Debug|Any CPU.ActiveCfg = Debug|Any CPU
		{242F1EB2-6171-4C93-BF44-7E97F7864657}.Debug|Any CPU.Build.0 = Debug|Any CPU
		{242F1EB2-6171-4C93-BF44-7E97F7864657}.Release|Any CPU.ActiveCfg = Release|Any CPU
		{242F1EB2-6171-4C93-BF44-7E97F7864657}.Release|Any CPU.Build.0 = Release|Any CPU
		{D77A105D-1E8A-49AE-ADC9-8492E5DD186F}.Debug|Any CPU.ActiveCfg = Debug|Any CPU
		{D77A105D-1E8A-49AE-ADC9-8492E5DD186F}.Debug|Any CPU.Build.0 = Debug|Any CPU
		{D77A105D-1E8A-49AE-ADC9-8492E5DD186F}.Release|Any CPU.ActiveCfg = Release|Any CPU
		{D77A105D-1E8A-49AE-ADC9-8492E5DD186F}.Release|Any CPU.Build.0 = Release|Any CPU
		{50A59340-7855-4FF1-81D8-D4F7ECB6D5A3}.Debug|Any CPU.ActiveCfg = Debug|Any CPU
		{50A59340-7855-4FF1-81D8-D4F7ECB6D5A3}.Debug|Any CPU.Build.0 = Debug|Any CPU
		{50A59340-7855-4FF1-81D8-D4F7ECB6D5A3}.Release|Any CPU.ActiveCfg = Release|Any CPU
		{50A59340-7855-4FF1-81D8-D4F7ECB6D5A3}.Release|Any CPU.Build.0 = Release|Any CPU
		{1887B877-CF53-41CA-BA73-A1B126AC6707}.Debug|Any CPU.ActiveCfg = Debug|Any CPU
		{1887B877-CF53-41CA-BA73-A1B126AC6707}.Debug|Any CPU.Build.0 = Debug|Any CPU
		{1887B877-CF53-41CA-BA73-A1B126AC6707}.Release|Any CPU.ActiveCfg = Release|Any CPU
		{1887B877-CF53-41CA-BA73-A1B126AC6707}.Release|Any CPU.Build.0 = Release|Any CPU
		{A3A40375-B3A4-4B01-9C28-B4E74060C770}.Debug|Any CPU.ActiveCfg = Debug|Any CPU
		{A3A40375-B3A4-4B01-9C28-B4E74060C770}.Debug|Any CPU.Build.0 = Debug|Any CPU
		{A3A40375-B3A4-4B01-9C28-B4E74060C770}.Release|Any CPU.ActiveCfg = Release|Any CPU
		{A3A40375-B3A4-4B01-9C28-B4E74060C770}.Release|Any CPU.Build.0 = Release|Any CPU
		{4051268C-DC83-4773-B6D8-4D12C1800959}.Debug|Any CPU.ActiveCfg = Debug|Any CPU
		{4051268C-DC83-4773-B6D8-4D12C1800959}.Debug|Any CPU.Build.0 = Debug|Any CPU
		{4051268C-DC83-4773-B6D8-4D12C1800959}.Release|Any CPU.ActiveCfg = Release|Any CPU
		{4051268C-DC83-4773-B6D8-4D12C1800959}.Release|Any CPU.Build.0 = Release|Any CPU
		{04EFC7C7-05F4-46FF-B91C-1315723C096E}.Debug|Any CPU.ActiveCfg = Debug|Any CPU
		{04EFC7C7-05F4-46FF-B91C-1315723C096E}.Debug|Any CPU.Build.0 = Debug|Any CPU
		{04EFC7C7-05F4-46FF-B91C-1315723C096E}.Release|Any CPU.ActiveCfg = Release|Any CPU
		{04EFC7C7-05F4-46FF-B91C-1315723C096E}.Release|Any CPU.Build.0 = Release|Any CPU
<<<<<<< HEAD
		{7514D488-C165-4A6E-9953-0C3A5B31120B}.Debug|Any CPU.ActiveCfg = Debug|Any CPU
		{7514D488-C165-4A6E-9953-0C3A5B31120B}.Debug|Any CPU.Build.0 = Debug|Any CPU
		{7514D488-C165-4A6E-9953-0C3A5B31120B}.Release|Any CPU.ActiveCfg = Release|Any CPU
		{7514D488-C165-4A6E-9953-0C3A5B31120B}.Release|Any CPU.Build.0 = Release|Any CPU
		{6E67D951-8867-44F4-9A73-7B804C601008}.Debug|Any CPU.ActiveCfg = Debug|Any CPU
		{6E67D951-8867-44F4-9A73-7B804C601008}.Debug|Any CPU.Build.0 = Debug|Any CPU
		{6E67D951-8867-44F4-9A73-7B804C601008}.Release|Any CPU.ActiveCfg = Release|Any CPU
		{6E67D951-8867-44F4-9A73-7B804C601008}.Release|Any CPU.Build.0 = Release|Any CPU
		{9A023CEC-DFA8-4EDA-A32B-A7A236533582}.Debug|Any CPU.ActiveCfg = Debug|Any CPU
		{9A023CEC-DFA8-4EDA-A32B-A7A236533582}.Debug|Any CPU.Build.0 = Debug|Any CPU
		{9A023CEC-DFA8-4EDA-A32B-A7A236533582}.Release|Any CPU.ActiveCfg = Release|Any CPU
		{9A023CEC-DFA8-4EDA-A32B-A7A236533582}.Release|Any CPU.Build.0 = Release|Any CPU
		{55C3C0C3-0614-48E6-BBD3-2FE5093FA248}.Debug|Any CPU.ActiveCfg = Debug|Any CPU
		{55C3C0C3-0614-48E6-BBD3-2FE5093FA248}.Debug|Any CPU.Build.0 = Debug|Any CPU
		{55C3C0C3-0614-48E6-BBD3-2FE5093FA248}.Release|Any CPU.ActiveCfg = Release|Any CPU
		{55C3C0C3-0614-48E6-BBD3-2FE5093FA248}.Release|Any CPU.Build.0 = Release|Any CPU
		{7B95BEB8-7913-44D3-9755-09F6252664B9}.Debug|Any CPU.ActiveCfg = Debug|Any CPU
		{7B95BEB8-7913-44D3-9755-09F6252664B9}.Debug|Any CPU.Build.0 = Debug|Any CPU
		{7B95BEB8-7913-44D3-9755-09F6252664B9}.Release|Any CPU.ActiveCfg = Release|Any CPU
		{7B95BEB8-7913-44D3-9755-09F6252664B9}.Release|Any CPU.Build.0 = Release|Any CPU
=======
		{09AA53B6-D416-4A50-BBD8-B6B117B78089}.Debug|Any CPU.ActiveCfg = Debug|Any CPU
		{09AA53B6-D416-4A50-BBD8-B6B117B78089}.Debug|Any CPU.Build.0 = Debug|Any CPU
		{09AA53B6-D416-4A50-BBD8-B6B117B78089}.Release|Any CPU.ActiveCfg = Release|Any CPU
		{09AA53B6-D416-4A50-BBD8-B6B117B78089}.Release|Any CPU.Build.0 = Release|Any CPU
>>>>>>> origin/master
	EndGlobalSection
	GlobalSection(NestedProjects) = preSolution
		{5203EEFC-776D-4009-8578-00DF97EAED9D} = {48B74D7D-8BD3-4696-82B8-590CF45295D6}
		{CCE4E644-C793-4DDD-BDDF-E0A8AF6D7E99} = {48B74D7D-8BD3-4696-82B8-590CF45295D6}
		{94C10DA8-B902-4931-BC91-6446C5C375B8} = {48B74D7D-8BD3-4696-82B8-590CF45295D6}
		{A8F8CA39-80B7-4E7A-8163-C7E99AB56251} = {48B74D7D-8BD3-4696-82B8-590CF45295D6}
		{ED935C89-E94D-4291-8589-38C04B9B005F} = {48B74D7D-8BD3-4696-82B8-590CF45295D6}
		{8FE357DC-A2B1-4969-995E-570503F9524F} = {48B74D7D-8BD3-4696-82B8-590CF45295D6}
		{9FD84352-4AF4-420D-B9EF-98D3B9A25249} = {48B74D7D-8BD3-4696-82B8-590CF45295D6}
		{FAFAA0BE-B25C-4C52-8489-FB6EA490DD37} = {48B74D7D-8BD3-4696-82B8-590CF45295D6}
		{BCA18B71-7C02-45D8-9D6A-71ED37ECD780} = {48B74D7D-8BD3-4696-82B8-590CF45295D6}
		{5BBF2FB6-1075-4EE5-9FB1-156AAF7F7535} = {48B74D7D-8BD3-4696-82B8-590CF45295D6}
		{973A4C0A-D995-42B1-BA64-EFC2A6DD4FDE} = {48B74D7D-8BD3-4696-82B8-590CF45295D6}
		{789236FE-6E24-4EBE-B57E-2CEA97416A07} = {48B74D7D-8BD3-4696-82B8-590CF45295D6}
		{6336E38E-6BFD-4407-A001-5FEED497E90B} = {48B74D7D-8BD3-4696-82B8-590CF45295D6}
		{2D749EDC-2D4B-4727-A826-70E588EB25EB} = {48B74D7D-8BD3-4696-82B8-590CF45295D6}
		{F35677B2-7842-41A0-BB75-8C56756BA056} = {25D2854B-3991-42B1-8AB9-3E3796526CA7}
		{1AE9C5F8-C568-4328-9639-C025DD66D07E} = {25D2854B-3991-42B1-8AB9-3E3796526CA7}
		{506311BA-206D-4D6D-8C68-386D300AD11D} = {25D2854B-3991-42B1-8AB9-3E3796526CA7}
		{0D857539-893F-44A9-ABC4-B4A3D9ED62BC} = {25D2854B-3991-42B1-8AB9-3E3796526CA7}
		{DDA11508-65A4-4903-B7C1-E745E7717BFF} = {25D2854B-3991-42B1-8AB9-3E3796526CA7}
		{E3AD24A2-828B-4690-88CB-5CAB61EDA31A} = {B44C6B2A-3071-4176-BF1C-2D2751437010}
		{DE18E7CD-EF6B-4B3E-8CF8-EE9C69A072CF} = {B44C6B2A-3071-4176-BF1C-2D2751437010}
		{90F5E3D6-F419-4420-8389-0DE24511AF14} = {B44C6B2A-3071-4176-BF1C-2D2751437010}
		{8765C6B1-62E7-40BC-BFF1-2898C95B27CB} = {B44C6B2A-3071-4176-BF1C-2D2751437010}
		{5BD820BB-924C-47A2-BD51-56321CB3B021} = {B44C6B2A-3071-4176-BF1C-2D2751437010}
		{242F1EB2-6171-4C93-BF44-7E97F7864657} = {B44C6B2A-3071-4176-BF1C-2D2751437010}
		{D77A105D-1E8A-49AE-ADC9-8492E5DD186F} = {B44C6B2A-3071-4176-BF1C-2D2751437010}
		{50A59340-7855-4FF1-81D8-D4F7ECB6D5A3} = {9D2E7B0E-A430-4DF0-9547-4DE50C9EAEDC}
		{57654541-80E4-4AB9-8DAF-7A1ABD7B04FF} = {9D2E7B0E-A430-4DF0-9547-4DE50C9EAEDC}
		{1887B877-CF53-41CA-BA73-A1B126AC6707} = {57654541-80E4-4AB9-8DAF-7A1ABD7B04FF}
		{A3A40375-B3A4-4B01-9C28-B4E74060C770} = {57654541-80E4-4AB9-8DAF-7A1ABD7B04FF}
		{4051268C-DC83-4773-B6D8-4D12C1800959} = {57654541-80E4-4AB9-8DAF-7A1ABD7B04FF}
		{04EFC7C7-05F4-46FF-B91C-1315723C096E} = {57654541-80E4-4AB9-8DAF-7A1ABD7B04FF}
<<<<<<< HEAD
		{5C46561C-DC36-43C4-8C14-C61A1DD8CF17} = {9D2E7B0E-A430-4DF0-9547-4DE50C9EAEDC}
		{7514D488-C165-4A6E-9953-0C3A5B31120B} = {5C46561C-DC36-43C4-8C14-C61A1DD8CF17}
		{36E90086-7B6D-43DB-B959-6AEE4F74E920} = {439C4B29-52AC-4B57-A73F-0F5554F74832}
		{9A023CEC-DFA8-4EDA-A32B-A7A236533582} = {36E90086-7B6D-43DB-B959-6AEE4F74E920}
		{55C3C0C3-0614-48E6-BBD3-2FE5093FA248} = {36E90086-7B6D-43DB-B959-6AEE4F74E920}
		{7B95BEB8-7913-44D3-9755-09F6252664B9} = {36E90086-7B6D-43DB-B959-6AEE4F74E920}
=======
		{09AA53B6-D416-4A50-BBD8-B6B117B78089} = {57654541-80E4-4AB9-8DAF-7A1ABD7B04FF}
>>>>>>> origin/master
	EndGlobalSection
EndGlobal
