
Microsoft Visual Studio Solution File, Format Version 12.00
# Visual Studio Version 17
VisualStudioVersion = 17.0.31903.59
MinimumVisualStudioVersion = 10.0.40219.1
Project("{2150E333-8FDC-42A3-9474-1A3956D46DE8}") = "Chapter01", "Chapter01", "{857D9BF3-4DC3-46B6-9083-8D430B174141}"
EndProject
Project("{FAE04EC0-301F-11D3-BF4B-00C04F79EFBC}") = "Activity01", "Chapter01\Activity01\Activity01.csproj", "{01116CC9-EFB6-4593-AB0B-E28AE3848F09}"
EndProject
Project("{FAE04EC0-301F-11D3-BF4B-00C04F79EFBC}") = "Excercise1_01", "Chapter01\Exercise1_01\Excercise1_01.csproj", "{793A991B-8255-4D5B-B09A-D0F409842F12}"
EndProject
Project("{FAE04EC0-301F-11D3-BF4B-00C04F79EFBC}") = "Exercise1_02", "Chapter01\Exercise1_02\Exercise1_02.csproj", "{0338697E-2EF9-47AB-86A4-DDDFAA9693DC}"
EndProject
Project("{FAE04EC0-301F-11D3-BF4B-00C04F79EFBC}") = "Exercise1_03", "Chapter01\Exercise1_03\Exercise1_03.csproj", "{BA7CEDF4-D1A9-44BD-A9E1-040818A47F07}"
EndProject
Project("{FAE04EC0-301F-11D3-BF4B-00C04F79EFBC}") = "Exercise1_04", "Chapter01\Exercise1_04\Exercise1_04.csproj", "{82D6B7F7-F9FE-4C58-B3DD-8314FDA4E15C}"
EndProject
Project("{FAE04EC0-301F-11D3-BF4B-00C04F79EFBC}") = "Exercise1_05", "Chapter01\Exercise1_05\Exercise1_05.csproj", "{29F38E3E-5EB6-4E8C-A33D-A37832024D83}"
EndProject
Project("{FAE04EC0-301F-11D3-BF4B-00C04F79EFBC}") = "Exercise1_06", "Chapter01\Exercise1_06\Exercise1_06.csproj", "{AB0620D6-3F0D-4055-8168-B569CCDB180D}"
EndProject
Project("{FAE04EC0-301F-11D3-BF4B-00C04F79EFBC}") = "Exercise1_07", "Chapter01\Exercise1_07\Exercise1_07.csproj", "{2A68B7D4-5955-42F7-81FD-1A7FE941A6FF}"
EndProject
Project("{FAE04EC0-301F-11D3-BF4B-00C04F79EFBC}") = "Exercise1_08", "Chapter01\Exercise1_08\Exercise1_08.csproj", "{CE6B7B8C-8173-4EC6-8696-0C1957C027F6}"
EndProject
Project("{FAE04EC0-301F-11D3-BF4B-00C04F79EFBC}") = "Exercise1_09", "Chapter01\Exercise1_09\Exercise1_09.csproj", "{4DFFDF35-E534-40A9-9FE7-8A99BF01C018}"
EndProject
Project("{FAE04EC0-301F-11D3-BF4B-00C04F79EFBC}") = "Exercise1_10", "Chapter01\Exercise1_10\Exercise1_10.csproj", "{0BE5C97C-1697-4309-91A9-64B00E359769}"
EndProject
Project("{FAE04EC0-301F-11D3-BF4B-00C04F79EFBC}") = "Exercise1_11", "Chapter01\Exercise1_11\Exercise1_11.csproj", "{1FE701C2-63AB-4567-8B10-D183F67DEBAF}"
EndProject
Project("{FAE04EC0-301F-11D3-BF4B-00C04F79EFBC}") = "Exercise1_12", "Chapter01\Exercise1_12\Exercise1_12.csproj", "{2D817E27-12EF-456B-BB90-7966676068D6}"
EndProject
Project("{FAE04EC0-301F-11D3-BF4B-00C04F79EFBC}") = "Exercise1_13", "Chapter01\Exercise1_13\Exercise1_13.csproj", "{90C29108-39CD-4BE2-BA84-C00AC067C7D6}"
EndProject
Project("{2150E333-8FDC-42A3-9474-1A3956D46DE8}") = "Chapter02", "Chapter02", "{3D80960B-3A59-4EF3-B33B-1906F61C0ADE}"
EndProject
Project("{FAE04EC0-301F-11D3-BF4B-00C04F79EFBC}") = "Activity2_01", "Chapter02\Activity2_01\Activity2_01.csproj", "{959D8076-854D-425F-84A2-A377FFD83DE6}"
EndProject
Project("{FAE04EC0-301F-11D3-BF4B-00C04F79EFBC}") = "Exercise2_01", "Chapter02\Exercise2_01\Exercise2_01.csproj", "{9DA8C1B1-9939-4175-8358-E8C1CA0BA4EF}"
EndProject
Project("{FAE04EC0-301F-11D3-BF4B-00C04F79EFBC}") = "Exercise2_02", "Chapter02\Exercise2_02\Exercise2_02.csproj", "{B43085D0-FDF2-4488-B36F-DF8954FF5604}"
EndProject
Project("{FAE04EC0-301F-11D3-BF4B-00C04F79EFBC}") = "Exercise2_03", "Chapter02\Exercise2_03\Exercise2_03.csproj", "{777D6747-1299-4FE2-96C4-A31D7477B74F}"
EndProject
Project("{FAE04EC0-301F-11D3-BF4B-00C04F79EFBC}") = "Exercise2_04", "Chapter02\Exercise2_04\Exercise2_04.csproj", "{3BCA692D-D66F-40B0-8F84-859B086C8DB3}"
EndProject
Project("{2150E333-8FDC-42A3-9474-1A3956D46DE8}") = "Chapter03", "Chapter03", "{941F862A-DF43-46CA-9FA2-9B73A2C439C1}"
EndProject
Project("{FAE04EC0-301F-11D3-BF4B-00C04F79EFBC}") = "Activity01", "Chapter03\Activity01\Activity01.csproj", "{AF31FABE-F5B8-41A1-A862-34D2FDEE72AB}"
EndProject
Project("{FAE04EC0-301F-11D3-BF4B-00C04F79EFBC}") = "Exercise01", "Chapter03\Exercise01\Exercise01.csproj", "{48AD507B-0850-4164-8EEB-354735B73DA6}"
EndProject
Project("{FAE04EC0-301F-11D3-BF4B-00C04F79EFBC}") = "Exercise02", "Chapter03\Exercise02\Exercise02.csproj", "{1A0F40E5-5E57-4240-A322-3EB1B648EBEF}"
EndProject
Project("{FAE04EC0-301F-11D3-BF4B-00C04F79EFBC}") = "Exercise03", "Chapter03\Exercise03\Exercise03.csproj", "{76930749-40A6-4816-AFBF-2E14562532EC}"
EndProject
Project("{FAE04EC0-301F-11D3-BF4B-00C04F79EFBC}") = "Exercise04", "Chapter03\Exercise04\Exercise04.csproj", "{50232CBC-AA93-4C75-9E42-55D19F0DD1AE}"
EndProject
Project("{FAE04EC0-301F-11D3-BF4B-00C04F79EFBC}") = "Exercise05", "Chapter03\Exercise05\Exercise05.csproj", "{564AA443-AFDD-4AAD-A26C-8DF7CD33D82C}"
EndProject
Project("{FAE04EC0-301F-11D3-BF4B-00C04F79EFBC}") = "Exercise06", "Chapter03\Exercise06\Exercise06.csproj", "{89CE962A-9CF3-4E9C-811B-DD87EA7D9C7B}"
EndProject
Project("{2150E333-8FDC-42A3-9474-1A3956D46DE8}") = "Chapter04", "Chapter04", "{7BCF5707-FD4F-4143-A908-9945AF4C29F2}"
EndProject
Project("{2150E333-8FDC-42A3-9474-1A3956D46DE8}") = "Activities", "Activities", "{2ED65D72-73AE-4FE1-9781-D6E9631DD845}"
EndProject
Project("{FAE04EC0-301F-11D3-BF4B-00C04F79EFBC}") = "Activity4_01", "Chapter04\Activities\Activity4_01\Activity4_01.csproj", "{4C14E2B2-E314-42D7-8E78-E3FC9E2E6DF4}"
EndProject
Project("{FAE04EC0-301F-11D3-BF4B-00C04F79EFBC}") = "Examples", "Chapter04\Examples\Examples.csproj", "{6B03B7FC-1968-450B-A2FE-FD7AC85E6B8B}"
EndProject
Project("{2150E333-8FDC-42A3-9474-1A3956D46DE8}") = "Exercises", "Exercises", "{AABE74DF-DA6B-4396-AEDB-19CF4528CD50}"
EndProject
Project("{FAE04EC0-301F-11D3-BF4B-00C04F79EFBC}") = "Exercise01", "Chapter04\Exercises\Exercise01\Exercise01.csproj", "{E6DC3FA7-0B48-4127-AC9B-9FDA76875F3C}"
EndProject
Project("{FAE04EC0-301F-11D3-BF4B-00C04F79EFBC}") = "Exercise02", "Chapter04\Exercises\Exercise02\Exercise02.csproj", "{A7F269CA-2046-40C7-91DA-553717D8172E}"
EndProject
Project("{FAE04EC0-301F-11D3-BF4B-00C04F79EFBC}") = "Exercise03", "Chapter04\Exercises\Exercise03\Exercise03.csproj", "{9469DC6F-3D3D-4C36-994E-1FB3381DAF6A}"
EndProject
Project("{FAE04EC0-301F-11D3-BF4B-00C04F79EFBC}") = "Exercise04", "Chapter04\Exercises\Exercise04\Exercise04.csproj", "{008FC830-7DB3-45F6-93B9-0F725E61FB6D}"
EndProject
Project("{FAE04EC0-301F-11D3-BF4B-00C04F79EFBC}") = "Exercise4_01", "Chapter04\Exercises\Exercise4_01\Exercise4_01.csproj", "{C33A0F29-682F-40AA-BC52-2D726EC981C5}"
EndProject
Project("{2150E333-8FDC-42A3-9474-1A3956D46DE8}") = "Chapter05", "Chapter05", "{57F30AA7-B066-4FD5-9C35-046D702DD539}"
EndProject
Project("{2150E333-8FDC-42A3-9474-1A3956D46DE8}") = "Exercises", "Exercises", "{2DCDCCF5-55D9-4240-A162-C5FD035FC322}"
EndProject
Project("{FAE04EC0-301F-11D3-BF4B-00C04F79EFBC}") = "Exercise5_01", "Chapter05\Exercises\Exercise5_01\Exercise5_01.csproj", "{FFE1A311-9A4E-4D09-84D9-1CB329AC4926}"
EndProject
Project("{FAE04EC0-301F-11D3-BF4B-00C04F79EFBC}") = "Exercise5_02", "Chapter05\Exercises\Exercise5_02\Exercise5_02.csproj", "{CBB07136-6CFC-4F44-AB5C-7F8D8BAF0F84}"
EndProject
Project("{FAE04EC0-301F-11D3-BF4B-00C04F79EFBC}") = "Exercise5_03", "Chapter05\Exercises\Exercise5_03\Exercise5_03.csproj", "{E19DA626-CC99-4A1E-978F-D32BFBCF87FC}"
EndProject
Project("{FAE04EC0-301F-11D3-BF4B-00C04F79EFBC}") = "Exercise5_04", "Chapter05\Exercises\Exercise5_04\Exercise5_04.csproj", "{D96C90B9-0FD0-4D2C-A9EE-268F66C5D713}"
EndProject
Project("{FAE04EC0-301F-11D3-BF4B-00C04F79EFBC}") = "Exercise5_05", "Chapter05\Exercises\Exercise5_05\Exercise5_05.csproj", "{B6792B94-A917-4E2F-8FF9-696F4355C16C}"
EndProject
Project("{FAE04EC0-301F-11D3-BF4B-00C04F79EFBC}") = "Chapter05", "Chapter05\Chapter05.csproj", "{7215A080-58B4-41D3-9E48-1EE7CFEC3F1F}"
EndProject
Global
	GlobalSection(SolutionConfigurationPlatforms) = preSolution
		Debug|Any CPU = Debug|Any CPU
		Release|Any CPU = Release|Any CPU
	EndGlobalSection
	GlobalSection(SolutionProperties) = preSolution
		HideSolutionNode = FALSE
	EndGlobalSection
	GlobalSection(ProjectConfigurationPlatforms) = postSolution
		{01116CC9-EFB6-4593-AB0B-E28AE3848F09}.Debug|Any CPU.ActiveCfg = Debug|Any CPU
		{01116CC9-EFB6-4593-AB0B-E28AE3848F09}.Debug|Any CPU.Build.0 = Debug|Any CPU
		{01116CC9-EFB6-4593-AB0B-E28AE3848F09}.Release|Any CPU.ActiveCfg = Release|Any CPU
		{01116CC9-EFB6-4593-AB0B-E28AE3848F09}.Release|Any CPU.Build.0 = Release|Any CPU
		{793A991B-8255-4D5B-B09A-D0F409842F12}.Debug|Any CPU.ActiveCfg = Debug|Any CPU
		{793A991B-8255-4D5B-B09A-D0F409842F12}.Debug|Any CPU.Build.0 = Debug|Any CPU
		{793A991B-8255-4D5B-B09A-D0F409842F12}.Release|Any CPU.ActiveCfg = Release|Any CPU
		{793A991B-8255-4D5B-B09A-D0F409842F12}.Release|Any CPU.Build.0 = Release|Any CPU
		{0338697E-2EF9-47AB-86A4-DDDFAA9693DC}.Debug|Any CPU.ActiveCfg = Debug|Any CPU
		{0338697E-2EF9-47AB-86A4-DDDFAA9693DC}.Debug|Any CPU.Build.0 = Debug|Any CPU
		{0338697E-2EF9-47AB-86A4-DDDFAA9693DC}.Release|Any CPU.ActiveCfg = Release|Any CPU
		{0338697E-2EF9-47AB-86A4-DDDFAA9693DC}.Release|Any CPU.Build.0 = Release|Any CPU
		{BA7CEDF4-D1A9-44BD-A9E1-040818A47F07}.Debug|Any CPU.ActiveCfg = Debug|Any CPU
		{BA7CEDF4-D1A9-44BD-A9E1-040818A47F07}.Debug|Any CPU.Build.0 = Debug|Any CPU
		{BA7CEDF4-D1A9-44BD-A9E1-040818A47F07}.Release|Any CPU.ActiveCfg = Release|Any CPU
		{BA7CEDF4-D1A9-44BD-A9E1-040818A47F07}.Release|Any CPU.Build.0 = Release|Any CPU
		{82D6B7F7-F9FE-4C58-B3DD-8314FDA4E15C}.Debug|Any CPU.ActiveCfg = Debug|Any CPU
		{82D6B7F7-F9FE-4C58-B3DD-8314FDA4E15C}.Debug|Any CPU.Build.0 = Debug|Any CPU
		{82D6B7F7-F9FE-4C58-B3DD-8314FDA4E15C}.Release|Any CPU.ActiveCfg = Release|Any CPU
		{82D6B7F7-F9FE-4C58-B3DD-8314FDA4E15C}.Release|Any CPU.Build.0 = Release|Any CPU
		{29F38E3E-5EB6-4E8C-A33D-A37832024D83}.Debug|Any CPU.ActiveCfg = Debug|Any CPU
		{29F38E3E-5EB6-4E8C-A33D-A37832024D83}.Debug|Any CPU.Build.0 = Debug|Any CPU
		{29F38E3E-5EB6-4E8C-A33D-A37832024D83}.Release|Any CPU.ActiveCfg = Release|Any CPU
		{29F38E3E-5EB6-4E8C-A33D-A37832024D83}.Release|Any CPU.Build.0 = Release|Any CPU
		{AB0620D6-3F0D-4055-8168-B569CCDB180D}.Debug|Any CPU.ActiveCfg = Debug|Any CPU
		{AB0620D6-3F0D-4055-8168-B569CCDB180D}.Debug|Any CPU.Build.0 = Debug|Any CPU
		{AB0620D6-3F0D-4055-8168-B569CCDB180D}.Release|Any CPU.ActiveCfg = Release|Any CPU
		{AB0620D6-3F0D-4055-8168-B569CCDB180D}.Release|Any CPU.Build.0 = Release|Any CPU
		{2A68B7D4-5955-42F7-81FD-1A7FE941A6FF}.Debug|Any CPU.ActiveCfg = Debug|Any CPU
		{2A68B7D4-5955-42F7-81FD-1A7FE941A6FF}.Debug|Any CPU.Build.0 = Debug|Any CPU
		{2A68B7D4-5955-42F7-81FD-1A7FE941A6FF}.Release|Any CPU.ActiveCfg = Release|Any CPU
		{2A68B7D4-5955-42F7-81FD-1A7FE941A6FF}.Release|Any CPU.Build.0 = Release|Any CPU
		{CE6B7B8C-8173-4EC6-8696-0C1957C027F6}.Debug|Any CPU.ActiveCfg = Debug|Any CPU
		{CE6B7B8C-8173-4EC6-8696-0C1957C027F6}.Debug|Any CPU.Build.0 = Debug|Any CPU
		{CE6B7B8C-8173-4EC6-8696-0C1957C027F6}.Release|Any CPU.ActiveCfg = Release|Any CPU
		{CE6B7B8C-8173-4EC6-8696-0C1957C027F6}.Release|Any CPU.Build.0 = Release|Any CPU
		{4DFFDF35-E534-40A9-9FE7-8A99BF01C018}.Debug|Any CPU.ActiveCfg = Debug|Any CPU
		{4DFFDF35-E534-40A9-9FE7-8A99BF01C018}.Debug|Any CPU.Build.0 = Debug|Any CPU
		{4DFFDF35-E534-40A9-9FE7-8A99BF01C018}.Release|Any CPU.ActiveCfg = Release|Any CPU
		{4DFFDF35-E534-40A9-9FE7-8A99BF01C018}.Release|Any CPU.Build.0 = Release|Any CPU
		{0BE5C97C-1697-4309-91A9-64B00E359769}.Debug|Any CPU.ActiveCfg = Debug|Any CPU
		{0BE5C97C-1697-4309-91A9-64B00E359769}.Debug|Any CPU.Build.0 = Debug|Any CPU
		{0BE5C97C-1697-4309-91A9-64B00E359769}.Release|Any CPU.ActiveCfg = Release|Any CPU
		{0BE5C97C-1697-4309-91A9-64B00E359769}.Release|Any CPU.Build.0 = Release|Any CPU
		{1FE701C2-63AB-4567-8B10-D183F67DEBAF}.Debug|Any CPU.ActiveCfg = Debug|Any CPU
		{1FE701C2-63AB-4567-8B10-D183F67DEBAF}.Debug|Any CPU.Build.0 = Debug|Any CPU
		{1FE701C2-63AB-4567-8B10-D183F67DEBAF}.Release|Any CPU.ActiveCfg = Release|Any CPU
		{1FE701C2-63AB-4567-8B10-D183F67DEBAF}.Release|Any CPU.Build.0 = Release|Any CPU
		{2D817E27-12EF-456B-BB90-7966676068D6}.Debug|Any CPU.ActiveCfg = Debug|Any CPU
		{2D817E27-12EF-456B-BB90-7966676068D6}.Debug|Any CPU.Build.0 = Debug|Any CPU
		{2D817E27-12EF-456B-BB90-7966676068D6}.Release|Any CPU.ActiveCfg = Release|Any CPU
		{2D817E27-12EF-456B-BB90-7966676068D6}.Release|Any CPU.Build.0 = Release|Any CPU
		{90C29108-39CD-4BE2-BA84-C00AC067C7D6}.Debug|Any CPU.ActiveCfg = Debug|Any CPU
		{90C29108-39CD-4BE2-BA84-C00AC067C7D6}.Debug|Any CPU.Build.0 = Debug|Any CPU
		{90C29108-39CD-4BE2-BA84-C00AC067C7D6}.Release|Any CPU.ActiveCfg = Release|Any CPU
		{90C29108-39CD-4BE2-BA84-C00AC067C7D6}.Release|Any CPU.Build.0 = Release|Any CPU
		{959D8076-854D-425F-84A2-A377FFD83DE6}.Debug|Any CPU.ActiveCfg = Debug|Any CPU
		{959D8076-854D-425F-84A2-A377FFD83DE6}.Debug|Any CPU.Build.0 = Debug|Any CPU
		{959D8076-854D-425F-84A2-A377FFD83DE6}.Release|Any CPU.ActiveCfg = Release|Any CPU
		{959D8076-854D-425F-84A2-A377FFD83DE6}.Release|Any CPU.Build.0 = Release|Any CPU
		{9DA8C1B1-9939-4175-8358-E8C1CA0BA4EF}.Debug|Any CPU.ActiveCfg = Debug|Any CPU
		{9DA8C1B1-9939-4175-8358-E8C1CA0BA4EF}.Debug|Any CPU.Build.0 = Debug|Any CPU
		{9DA8C1B1-9939-4175-8358-E8C1CA0BA4EF}.Release|Any CPU.ActiveCfg = Release|Any CPU
		{9DA8C1B1-9939-4175-8358-E8C1CA0BA4EF}.Release|Any CPU.Build.0 = Release|Any CPU
		{B43085D0-FDF2-4488-B36F-DF8954FF5604}.Debug|Any CPU.ActiveCfg = Debug|Any CPU
		{B43085D0-FDF2-4488-B36F-DF8954FF5604}.Debug|Any CPU.Build.0 = Debug|Any CPU
		{B43085D0-FDF2-4488-B36F-DF8954FF5604}.Release|Any CPU.ActiveCfg = Release|Any CPU
		{B43085D0-FDF2-4488-B36F-DF8954FF5604}.Release|Any CPU.Build.0 = Release|Any CPU
		{777D6747-1299-4FE2-96C4-A31D7477B74F}.Debug|Any CPU.ActiveCfg = Debug|Any CPU
		{777D6747-1299-4FE2-96C4-A31D7477B74F}.Debug|Any CPU.Build.0 = Debug|Any CPU
		{777D6747-1299-4FE2-96C4-A31D7477B74F}.Release|Any CPU.ActiveCfg = Release|Any CPU
		{777D6747-1299-4FE2-96C4-A31D7477B74F}.Release|Any CPU.Build.0 = Release|Any CPU
		{3BCA692D-D66F-40B0-8F84-859B086C8DB3}.Debug|Any CPU.ActiveCfg = Debug|Any CPU
		{3BCA692D-D66F-40B0-8F84-859B086C8DB3}.Debug|Any CPU.Build.0 = Debug|Any CPU
		{3BCA692D-D66F-40B0-8F84-859B086C8DB3}.Release|Any CPU.ActiveCfg = Release|Any CPU
		{3BCA692D-D66F-40B0-8F84-859B086C8DB3}.Release|Any CPU.Build.0 = Release|Any CPU
		{AF31FABE-F5B8-41A1-A862-34D2FDEE72AB}.Debug|Any CPU.ActiveCfg = Debug|Any CPU
		{AF31FABE-F5B8-41A1-A862-34D2FDEE72AB}.Debug|Any CPU.Build.0 = Debug|Any CPU
		{AF31FABE-F5B8-41A1-A862-34D2FDEE72AB}.Release|Any CPU.ActiveCfg = Release|Any CPU
		{AF31FABE-F5B8-41A1-A862-34D2FDEE72AB}.Release|Any CPU.Build.0 = Release|Any CPU
		{48AD507B-0850-4164-8EEB-354735B73DA6}.Debug|Any CPU.ActiveCfg = Debug|Any CPU
		{48AD507B-0850-4164-8EEB-354735B73DA6}.Debug|Any CPU.Build.0 = Debug|Any CPU
		{48AD507B-0850-4164-8EEB-354735B73DA6}.Release|Any CPU.ActiveCfg = Release|Any CPU
		{48AD507B-0850-4164-8EEB-354735B73DA6}.Release|Any CPU.Build.0 = Release|Any CPU
		{1A0F40E5-5E57-4240-A322-3EB1B648EBEF}.Debug|Any CPU.ActiveCfg = Debug|Any CPU
		{1A0F40E5-5E57-4240-A322-3EB1B648EBEF}.Debug|Any CPU.Build.0 = Debug|Any CPU
		{1A0F40E5-5E57-4240-A322-3EB1B648EBEF}.Release|Any CPU.ActiveCfg = Release|Any CPU
		{1A0F40E5-5E57-4240-A322-3EB1B648EBEF}.Release|Any CPU.Build.0 = Release|Any CPU
		{76930749-40A6-4816-AFBF-2E14562532EC}.Debug|Any CPU.ActiveCfg = Debug|Any CPU
		{76930749-40A6-4816-AFBF-2E14562532EC}.Debug|Any CPU.Build.0 = Debug|Any CPU
		{76930749-40A6-4816-AFBF-2E14562532EC}.Release|Any CPU.ActiveCfg = Release|Any CPU
		{76930749-40A6-4816-AFBF-2E14562532EC}.Release|Any CPU.Build.0 = Release|Any CPU
		{50232CBC-AA93-4C75-9E42-55D19F0DD1AE}.Debug|Any CPU.ActiveCfg = Debug|Any CPU
		{50232CBC-AA93-4C75-9E42-55D19F0DD1AE}.Debug|Any CPU.Build.0 = Debug|Any CPU
		{50232CBC-AA93-4C75-9E42-55D19F0DD1AE}.Release|Any CPU.ActiveCfg = Release|Any CPU
		{50232CBC-AA93-4C75-9E42-55D19F0DD1AE}.Release|Any CPU.Build.0 = Release|Any CPU
		{564AA443-AFDD-4AAD-A26C-8DF7CD33D82C}.Debug|Any CPU.ActiveCfg = Debug|Any CPU
		{564AA443-AFDD-4AAD-A26C-8DF7CD33D82C}.Debug|Any CPU.Build.0 = Debug|Any CPU
		{564AA443-AFDD-4AAD-A26C-8DF7CD33D82C}.Release|Any CPU.ActiveCfg = Release|Any CPU
		{564AA443-AFDD-4AAD-A26C-8DF7CD33D82C}.Release|Any CPU.Build.0 = Release|Any CPU
		{89CE962A-9CF3-4E9C-811B-DD87EA7D9C7B}.Debug|Any CPU.ActiveCfg = Debug|Any CPU
		{89CE962A-9CF3-4E9C-811B-DD87EA7D9C7B}.Debug|Any CPU.Build.0 = Debug|Any CPU
		{89CE962A-9CF3-4E9C-811B-DD87EA7D9C7B}.Release|Any CPU.ActiveCfg = Release|Any CPU
		{89CE962A-9CF3-4E9C-811B-DD87EA7D9C7B}.Release|Any CPU.Build.0 = Release|Any CPU
		{4C14E2B2-E314-42D7-8E78-E3FC9E2E6DF4}.Debug|Any CPU.ActiveCfg = Debug|Any CPU
		{4C14E2B2-E314-42D7-8E78-E3FC9E2E6DF4}.Debug|Any CPU.Build.0 = Debug|Any CPU
		{4C14E2B2-E314-42D7-8E78-E3FC9E2E6DF4}.Release|Any CPU.ActiveCfg = Release|Any CPU
		{4C14E2B2-E314-42D7-8E78-E3FC9E2E6DF4}.Release|Any CPU.Build.0 = Release|Any CPU
		{6B03B7FC-1968-450B-A2FE-FD7AC85E6B8B}.Debug|Any CPU.ActiveCfg = Debug|Any CPU
		{6B03B7FC-1968-450B-A2FE-FD7AC85E6B8B}.Debug|Any CPU.Build.0 = Debug|Any CPU
		{6B03B7FC-1968-450B-A2FE-FD7AC85E6B8B}.Release|Any CPU.ActiveCfg = Release|Any CPU
		{6B03B7FC-1968-450B-A2FE-FD7AC85E6B8B}.Release|Any CPU.Build.0 = Release|Any CPU
		{E6DC3FA7-0B48-4127-AC9B-9FDA76875F3C}.Debug|Any CPU.ActiveCfg = Debug|Any CPU
		{E6DC3FA7-0B48-4127-AC9B-9FDA76875F3C}.Debug|Any CPU.Build.0 = Debug|Any CPU
		{E6DC3FA7-0B48-4127-AC9B-9FDA76875F3C}.Release|Any CPU.ActiveCfg = Release|Any CPU
		{E6DC3FA7-0B48-4127-AC9B-9FDA76875F3C}.Release|Any CPU.Build.0 = Release|Any CPU
		{A7F269CA-2046-40C7-91DA-553717D8172E}.Debug|Any CPU.ActiveCfg = Debug|Any CPU
		{A7F269CA-2046-40C7-91DA-553717D8172E}.Debug|Any CPU.Build.0 = Debug|Any CPU
		{A7F269CA-2046-40C7-91DA-553717D8172E}.Release|Any CPU.ActiveCfg = Release|Any CPU
		{A7F269CA-2046-40C7-91DA-553717D8172E}.Release|Any CPU.Build.0 = Release|Any CPU
		{9469DC6F-3D3D-4C36-994E-1FB3381DAF6A}.Debug|Any CPU.ActiveCfg = Debug|Any CPU
		{9469DC6F-3D3D-4C36-994E-1FB3381DAF6A}.Debug|Any CPU.Build.0 = Debug|Any CPU
		{9469DC6F-3D3D-4C36-994E-1FB3381DAF6A}.Release|Any CPU.ActiveCfg = Release|Any CPU
		{9469DC6F-3D3D-4C36-994E-1FB3381DAF6A}.Release|Any CPU.Build.0 = Release|Any CPU
		{008FC830-7DB3-45F6-93B9-0F725E61FB6D}.Debug|Any CPU.ActiveCfg = Debug|Any CPU
		{008FC830-7DB3-45F6-93B9-0F725E61FB6D}.Debug|Any CPU.Build.0 = Debug|Any CPU
		{008FC830-7DB3-45F6-93B9-0F725E61FB6D}.Release|Any CPU.ActiveCfg = Release|Any CPU
		{008FC830-7DB3-45F6-93B9-0F725E61FB6D}.Release|Any CPU.Build.0 = Release|Any CPU
		{C33A0F29-682F-40AA-BC52-2D726EC981C5}.Debug|Any CPU.ActiveCfg = Debug|Any CPU
		{C33A0F29-682F-40AA-BC52-2D726EC981C5}.Debug|Any CPU.Build.0 = Debug|Any CPU
		{C33A0F29-682F-40AA-BC52-2D726EC981C5}.Release|Any CPU.ActiveCfg = Release|Any CPU
		{C33A0F29-682F-40AA-BC52-2D726EC981C5}.Release|Any CPU.Build.0 = Release|Any CPU
		{FFE1A311-9A4E-4D09-84D9-1CB329AC4926}.Debug|Any CPU.ActiveCfg = Debug|Any CPU
		{FFE1A311-9A4E-4D09-84D9-1CB329AC4926}.Debug|Any CPU.Build.0 = Debug|Any CPU
		{FFE1A311-9A4E-4D09-84D9-1CB329AC4926}.Release|Any CPU.ActiveCfg = Release|Any CPU
		{FFE1A311-9A4E-4D09-84D9-1CB329AC4926}.Release|Any CPU.Build.0 = Release|Any CPU
		{CBB07136-6CFC-4F44-AB5C-7F8D8BAF0F84}.Debug|Any CPU.ActiveCfg = Debug|Any CPU
		{CBB07136-6CFC-4F44-AB5C-7F8D8BAF0F84}.Debug|Any CPU.Build.0 = Debug|Any CPU
		{CBB07136-6CFC-4F44-AB5C-7F8D8BAF0F84}.Release|Any CPU.ActiveCfg = Release|Any CPU
		{CBB07136-6CFC-4F44-AB5C-7F8D8BAF0F84}.Release|Any CPU.Build.0 = Release|Any CPU
		{E19DA626-CC99-4A1E-978F-D32BFBCF87FC}.Debug|Any CPU.ActiveCfg = Debug|Any CPU
		{E19DA626-CC99-4A1E-978F-D32BFBCF87FC}.Debug|Any CPU.Build.0 = Debug|Any CPU
		{E19DA626-CC99-4A1E-978F-D32BFBCF87FC}.Release|Any CPU.ActiveCfg = Release|Any CPU
		{E19DA626-CC99-4A1E-978F-D32BFBCF87FC}.Release|Any CPU.Build.0 = Release|Any CPU
		{D96C90B9-0FD0-4D2C-A9EE-268F66C5D713}.Debug|Any CPU.ActiveCfg = Debug|Any CPU
		{D96C90B9-0FD0-4D2C-A9EE-268F66C5D713}.Debug|Any CPU.Build.0 = Debug|Any CPU
		{D96C90B9-0FD0-4D2C-A9EE-268F66C5D713}.Release|Any CPU.ActiveCfg = Release|Any CPU
		{D96C90B9-0FD0-4D2C-A9EE-268F66C5D713}.Release|Any CPU.Build.0 = Release|Any CPU
		{B6792B94-A917-4E2F-8FF9-696F4355C16C}.Debug|Any CPU.ActiveCfg = Debug|Any CPU
		{B6792B94-A917-4E2F-8FF9-696F4355C16C}.Debug|Any CPU.Build.0 = Debug|Any CPU
		{B6792B94-A917-4E2F-8FF9-696F4355C16C}.Release|Any CPU.ActiveCfg = Release|Any CPU
		{B6792B94-A917-4E2F-8FF9-696F4355C16C}.Release|Any CPU.Build.0 = Release|Any CPU
		{7215A080-58B4-41D3-9E48-1EE7CFEC3F1F}.Debug|Any CPU.ActiveCfg = Debug|Any CPU
		{7215A080-58B4-41D3-9E48-1EE7CFEC3F1F}.Debug|Any CPU.Build.0 = Debug|Any CPU
		{7215A080-58B4-41D3-9E48-1EE7CFEC3F1F}.Release|Any CPU.ActiveCfg = Release|Any CPU
		{7215A080-58B4-41D3-9E48-1EE7CFEC3F1F}.Release|Any CPU.Build.0 = Release|Any CPU
	EndGlobalSection
	GlobalSection(NestedProjects) = preSolution
		{01116CC9-EFB6-4593-AB0B-E28AE3848F09} = {857D9BF3-4DC3-46B6-9083-8D430B174141}
		{793A991B-8255-4D5B-B09A-D0F409842F12} = {857D9BF3-4DC3-46B6-9083-8D430B174141}
		{0338697E-2EF9-47AB-86A4-DDDFAA9693DC} = {857D9BF3-4DC3-46B6-9083-8D430B174141}
		{BA7CEDF4-D1A9-44BD-A9E1-040818A47F07} = {857D9BF3-4DC3-46B6-9083-8D430B174141}
		{82D6B7F7-F9FE-4C58-B3DD-8314FDA4E15C} = {857D9BF3-4DC3-46B6-9083-8D430B174141}
		{29F38E3E-5EB6-4E8C-A33D-A37832024D83} = {857D9BF3-4DC3-46B6-9083-8D430B174141}
		{AB0620D6-3F0D-4055-8168-B569CCDB180D} = {857D9BF3-4DC3-46B6-9083-8D430B174141}
		{2A68B7D4-5955-42F7-81FD-1A7FE941A6FF} = {857D9BF3-4DC3-46B6-9083-8D430B174141}
		{CE6B7B8C-8173-4EC6-8696-0C1957C027F6} = {857D9BF3-4DC3-46B6-9083-8D430B174141}
		{4DFFDF35-E534-40A9-9FE7-8A99BF01C018} = {857D9BF3-4DC3-46B6-9083-8D430B174141}
		{0BE5C97C-1697-4309-91A9-64B00E359769} = {857D9BF3-4DC3-46B6-9083-8D430B174141}
		{1FE701C2-63AB-4567-8B10-D183F67DEBAF} = {857D9BF3-4DC3-46B6-9083-8D430B174141}
		{2D817E27-12EF-456B-BB90-7966676068D6} = {857D9BF3-4DC3-46B6-9083-8D430B174141}
		{90C29108-39CD-4BE2-BA84-C00AC067C7D6} = {857D9BF3-4DC3-46B6-9083-8D430B174141}
		{959D8076-854D-425F-84A2-A377FFD83DE6} = {3D80960B-3A59-4EF3-B33B-1906F61C0ADE}
		{9DA8C1B1-9939-4175-8358-E8C1CA0BA4EF} = {3D80960B-3A59-4EF3-B33B-1906F61C0ADE}
		{B43085D0-FDF2-4488-B36F-DF8954FF5604} = {3D80960B-3A59-4EF3-B33B-1906F61C0ADE}
		{777D6747-1299-4FE2-96C4-A31D7477B74F} = {3D80960B-3A59-4EF3-B33B-1906F61C0ADE}
		{3BCA692D-D66F-40B0-8F84-859B086C8DB3} = {3D80960B-3A59-4EF3-B33B-1906F61C0ADE}
		{AF31FABE-F5B8-41A1-A862-34D2FDEE72AB} = {941F862A-DF43-46CA-9FA2-9B73A2C439C1}
		{48AD507B-0850-4164-8EEB-354735B73DA6} = {941F862A-DF43-46CA-9FA2-9B73A2C439C1}
		{1A0F40E5-5E57-4240-A322-3EB1B648EBEF} = {941F862A-DF43-46CA-9FA2-9B73A2C439C1}
		{76930749-40A6-4816-AFBF-2E14562532EC} = {941F862A-DF43-46CA-9FA2-9B73A2C439C1}
		{50232CBC-AA93-4C75-9E42-55D19F0DD1AE} = {941F862A-DF43-46CA-9FA2-9B73A2C439C1}
		{564AA443-AFDD-4AAD-A26C-8DF7CD33D82C} = {941F862A-DF43-46CA-9FA2-9B73A2C439C1}
		{89CE962A-9CF3-4E9C-811B-DD87EA7D9C7B} = {941F862A-DF43-46CA-9FA2-9B73A2C439C1}
		{2ED65D72-73AE-4FE1-9781-D6E9631DD845} = {7BCF5707-FD4F-4143-A908-9945AF4C29F2}
		{4C14E2B2-E314-42D7-8E78-E3FC9E2E6DF4} = {2ED65D72-73AE-4FE1-9781-D6E9631DD845}
		{6B03B7FC-1968-450B-A2FE-FD7AC85E6B8B} = {7BCF5707-FD4F-4143-A908-9945AF4C29F2}
		{AABE74DF-DA6B-4396-AEDB-19CF4528CD50} = {7BCF5707-FD4F-4143-A908-9945AF4C29F2}
		{E6DC3FA7-0B48-4127-AC9B-9FDA76875F3C} = {AABE74DF-DA6B-4396-AEDB-19CF4528CD50}
		{A7F269CA-2046-40C7-91DA-553717D8172E} = {AABE74DF-DA6B-4396-AEDB-19CF4528CD50}
		{9469DC6F-3D3D-4C36-994E-1FB3381DAF6A} = {AABE74DF-DA6B-4396-AEDB-19CF4528CD50}
		{008FC830-7DB3-45F6-93B9-0F725E61FB6D} = {AABE74DF-DA6B-4396-AEDB-19CF4528CD50}
		{C33A0F29-682F-40AA-BC52-2D726EC981C5} = {AABE74DF-DA6B-4396-AEDB-19CF4528CD50}
		{2DCDCCF5-55D9-4240-A162-C5FD035FC322} = {57F30AA7-B066-4FD5-9C35-046D702DD539}
		{FFE1A311-9A4E-4D09-84D9-1CB329AC4926} = {2DCDCCF5-55D9-4240-A162-C5FD035FC322}
		{CBB07136-6CFC-4F44-AB5C-7F8D8BAF0F84} = {2DCDCCF5-55D9-4240-A162-C5FD035FC322}
		{E19DA626-CC99-4A1E-978F-D32BFBCF87FC} = {2DCDCCF5-55D9-4240-A162-C5FD035FC322}
		{D96C90B9-0FD0-4D2C-A9EE-268F66C5D713} = {2DCDCCF5-55D9-4240-A162-C5FD035FC322}
		{B6792B94-A917-4E2F-8FF9-696F4355C16C} = {2DCDCCF5-55D9-4240-A162-C5FD035FC322}
	EndGlobalSection
EndGlobal
