
Microsoft Visual Studio Solution File, Format Version 12.00
# Visual Studio Version 17
VisualStudioVersion = 17.5.002.0
MinimumVisualStudioVersion = 10.0.40219.1
Project("{9A19103F-16F7-4668-BE54-9A1E7A4F7556}") = "Chapter05", "Chapter05.csproj", "{1FB1A0E9-3A25-4963-9109-524A086FF1D2}"
EndProject
Project("{9A19103F-16F7-4668-BE54-9A1E7A4F7556}") = "Activity5.01", "Activity5.01\Activity5.01.csproj", "{8AA73486-7F98-43FF-A138-C09C1FFF4103}"
EndProject
Project("{2150E333-8FDC-42A3-9474-1A3956D46DE8}") = "Exercises", "Exercises", "{5E9B0C40-920B-405D-AC6A-61BE5FE3C605}"
EndProject
Project("{9A19103F-16F7-4668-BE54-9A1E7A4F7556}") = "Exercise5_01", "Exercises\Exercise5_01\Exercise5_01.csproj", "{397CD492-D1A2-4EEB-9744-684A9B3EC7D7}"
EndProject
Project("{9A19103F-16F7-4668-BE54-9A1E7A4F7556}") = "Exercise5_02", "Exercises\Exercise5_02\Exercise5_02.csproj", "{24DA202E-F31F-44F4-8A91-7EC8711007D0}"
EndProject
Project("{9A19103F-16F7-4668-BE54-9A1E7A4F7556}") = "Exercise5_03", "Exercises\Exercise5_03\Exercise5_03.csproj", "{1BCB7BFE-2569-4CAB-B4DE-F2FE7E633D43}"
EndProject
Project("{9A19103F-16F7-4668-BE54-9A1E7A4F7556}") = "Exercise5_04", "Exercises\Exercise5_04\Exercise5_04.csproj", "{79442B0D-2E99-4F3F-9CBF-E8B2135CE30E}"
EndProject
Project("{9A19103F-16F7-4668-BE54-9A1E7A4F7556}") = "Exercise5_05", "Exercises\Exercise5_05\Exercise5_05.csproj", "{FDD18E9E-D517-4D4B-AE12-312EE34E115D}"
EndProject
Global
	GlobalSection(SolutionConfigurationPlatforms) = preSolution
		Debug|Any CPU = Debug|Any CPU
		Release|Any CPU = Release|Any CPU
	EndGlobalSection
	GlobalSection(ProjectConfigurationPlatforms) = postSolution
		{1FB1A0E9-3A25-4963-9109-524A086FF1D2}.Debug|Any CPU.ActiveCfg = Debug|Any CPU
		{1FB1A0E9-3A25-4963-9109-524A086FF1D2}.Debug|Any CPU.Build.0 = Debug|Any CPU
		{1FB1A0E9-3A25-4963-9109-524A086FF1D2}.Release|Any CPU.ActiveCfg = Release|Any CPU
		{1FB1A0E9-3A25-4963-9109-524A086FF1D2}.Release|Any CPU.Build.0 = Release|Any CPU
		{8AA73486-7F98-43FF-A138-C09C1FFF4103}.Debug|Any CPU.ActiveCfg = Debug|Any CPU
		{8AA73486-7F98-43FF-A138-C09C1FFF4103}.Debug|Any CPU.Build.0 = Debug|Any CPU
		{8AA73486-7F98-43FF-A138-C09C1FFF4103}.Release|Any CPU.ActiveCfg = Release|Any CPU
		{8AA73486-7F98-43FF-A138-C09C1FFF4103}.Release|Any CPU.Build.0 = Release|Any CPU
		{397CD492-D1A2-4EEB-9744-684A9B3EC7D7}.Debug|Any CPU.ActiveCfg = Debug|Any CPU
		{397CD492-D1A2-4EEB-9744-684A9B3EC7D7}.Debug|Any CPU.Build.0 = Debug|Any CPU
		{397CD492-D1A2-4EEB-9744-684A9B3EC7D7}.Release|Any CPU.ActiveCfg = Release|Any CPU
		{397CD492-D1A2-4EEB-9744-684A9B3EC7D7}.Release|Any CPU.Build.0 = Release|Any CPU
		{24DA202E-F31F-44F4-8A91-7EC8711007D0}.Debug|Any CPU.ActiveCfg = Debug|Any CPU
		{24DA202E-F31F-44F4-8A91-7EC8711007D0}.Debug|Any CPU.Build.0 = Debug|Any CPU
		{24DA202E-F31F-44F4-8A91-7EC8711007D0}.Release|Any CPU.ActiveCfg = Release|Any CPU
		{24DA202E-F31F-44F4-8A91-7EC8711007D0}.Release|Any CPU.Build.0 = Release|Any CPU
		{1BCB7BFE-2569-4CAB-B4DE-F2FE7E633D43}.Debug|Any CPU.ActiveCfg = Debug|Any CPU
		{1BCB7BFE-2569-4CAB-B4DE-F2FE7E633D43}.Debug|Any CPU.Build.0 = Debug|Any CPU
		{1BCB7BFE-2569-4CAB-B4DE-F2FE7E633D43}.Release|Any CPU.ActiveCfg = Release|Any CPU
		{1BCB7BFE-2569-4CAB-B4DE-F2FE7E633D43}.Release|Any CPU.Build.0 = Release|Any CPU
		{79442B0D-2E99-4F3F-9CBF-E8B2135CE30E}.Debug|Any CPU.ActiveCfg = Debug|Any CPU
		{79442B0D-2E99-4F3F-9CBF-E8B2135CE30E}.Debug|Any CPU.Build.0 = Debug|Any CPU
		{79442B0D-2E99-4F3F-9CBF-E8B2135CE30E}.Release|Any CPU.ActiveCfg = Release|Any CPU
		{79442B0D-2E99-4F3F-9CBF-E8B2135CE30E}.Release|Any CPU.Build.0 = Release|Any CPU
		{FDD18E9E-D517-4D4B-AE12-312EE34E115D}.Debug|Any CPU.ActiveCfg = Debug|Any CPU
		{FDD18E9E-D517-4D4B-AE12-312EE34E115D}.Debug|Any CPU.Build.0 = Debug|Any CPU
		{FDD18E9E-D517-4D4B-AE12-312EE34E115D}.Release|Any CPU.ActiveCfg = Release|Any CPU
		{FDD18E9E-D517-4D4B-AE12-312EE34E115D}.Release|Any CPU.Build.0 = Release|Any CPU
	EndGlobalSection
	GlobalSection(SolutionProperties) = preSolution
		HideSolutionNode = FALSE
	EndGlobalSection
	GlobalSection(NestedProjects) = preSolution
		{397CD492-D1A2-4EEB-9744-684A9B3EC7D7} = {5E9B0C40-920B-405D-AC6A-61BE5FE3C605}
		{24DA202E-F31F-44F4-8A91-7EC8711007D0} = {5E9B0C40-920B-405D-AC6A-61BE5FE3C605}
		{1BCB7BFE-2569-4CAB-B4DE-F2FE7E633D43} = {5E9B0C40-920B-405D-AC6A-61BE5FE3C605}
		{79442B0D-2E99-4F3F-9CBF-E8B2135CE30E} = {5E9B0C40-920B-405D-AC6A-61BE5FE3C605}
		{FDD18E9E-D517-4D4B-AE12-312EE34E115D} = {5E9B0C40-920B-405D-AC6A-61BE5FE3C605}
	EndGlobalSection
	GlobalSection(ExtensibilityGlobals) = postSolution
		SolutionGuid = {E80B0B34-8349-4E43-9ED9-F1B4406A0DDE}
	EndGlobalSection
EndGlobal
